# This file is autogenerated, do not edit; changes may be undone by the next 'dep ensure'.


[[projects]]
  branch = "master"
  name = "github.com/mattn/go-gtk"
  packages = ["gdk","gdkpixbuf","glib","gtk","pango"]
  revision = "f546757330f0b7d13aabef1a8a095c727f6cb571"

[[projects]]
  branch = "master"
  name = "github.com/mattn/go-pointer"
  packages = ["."]
  revision = "6f8ea376a37a9c9ae33f1898cfc00877f79abfa1"

[[projects]]
  name = "github.com/urfave/cli"
  packages = ["."]
  revision = "cfb38830724cc34fedffe9a2a29fb54fa9169cd1"
  version = "v1.20.0"

[solve-meta]
  analyzer-name = "dep"
  analyzer-version = 1
  inputs-digest = "4ada09ccfc98dcbf3e717656a185cfb79f208e1fccdd55c8d53bf6d77625fb40"
  solver-name = "gps-cdcl"
  solver-version = 1
